
Microsoft Visual Studio Solution File, Format Version 12.00
# Visual Studio Version 17
VisualStudioVersion = 17.5.33516.290
MinimumVisualStudioVersion = 10.0.40219.1
Project("{FAE04EC0-301F-11D3-BF4B-00C04F79EFBC}") = "JessePerez", "JessePerez.csproj", "{852FB200-DB83-4D50-9415-132CAD44256D}"
EndProject
Global
	GlobalSection(SolutionConfigurationPlatforms) = preSolution
		Debug|Any CPU = Debug|Any CPU
		Release|Any CPU = Release|Any CPU
	EndGlobalSection
	GlobalSection(ProjectConfigurationPlatforms) = postSolution
		{852FB200-DB83-4D50-9415-132CAD44256D}.Debug|Any CPU.ActiveCfg = Debug|Any CPU
		{852FB200-DB83-4D50-9415-132CAD44256D}.Debug|Any CPU.Build.0 = Debug|Any CPU
		{852FB200-DB83-4D50-9415-132CAD44256D}.Release|Any CPU.ActiveCfg = Release|Any CPU
		{852FB200-DB83-4D50-9415-132CAD44256D}.Release|Any CPU.Build.0 = Release|Any CPU
	EndGlobalSection
	GlobalSection(SolutionProperties) = preSolution
		HideSolutionNode = FALSE
	EndGlobalSection
	GlobalSection(ExtensibilityGlobals) = postSolution
		SolutionGuid = {756F539D-D6B2-476B-AF1B-0C93F9432559}
	EndGlobalSection
EndGlobal
